
Microsoft Visual Studio Solution File, Format Version 12.00
# Visual Studio Version 16
VisualStudioVersion = 16.0.31613.86
MinimumVisualStudioVersion = 10.0.40219.1
Project("{FAE04EC0-301F-11D3-BF4B-00C04F79EFBC}") = "Generálás", "Generálás\Generálás.csproj", "{ABC58A10-1BCF-4CAD-B0CC-90216B17CE0A}"
EndProject
Global
	GlobalSection(SolutionConfigurationPlatforms) = preSolution
		Debug|Any CPU = Debug|Any CPU
		Release|Any CPU = Release|Any CPU
	EndGlobalSection
	GlobalSection(ProjectConfigurationPlatforms) = postSolution
		{ABC58A10-1BCF-4CAD-B0CC-90216B17CE0A}.Debug|Any CPU.ActiveCfg = Debug|Any CPU
		{ABC58A10-1BCF-4CAD-B0CC-90216B17CE0A}.Debug|Any CPU.Build.0 = Debug|Any CPU
		{ABC58A10-1BCF-4CAD-B0CC-90216B17CE0A}.Release|Any CPU.ActiveCfg = Release|Any CPU
		{ABC58A10-1BCF-4CAD-B0CC-90216B17CE0A}.Release|Any CPU.Build.0 = Release|Any CPU
	EndGlobalSection
	GlobalSection(SolutionProperties) = preSolution
		HideSolutionNode = FALSE
	EndGlobalSection
	GlobalSection(ExtensibilityGlobals) = postSolution
		SolutionGuid = {132FFF2D-73AB-44F7-9880-4DD0EB0D4636}
	EndGlobalSection
EndGlobal
